
Microsoft Visual Studio Solution File, Format Version 12.00
# Visual Studio Version 16
VisualStudioVersion = 16.0.29509.3
MinimumVisualStudioVersion = 10.0.40219.1
Project("{FAE04EC0-301F-11D3-BF4B-00C04F79EFBC}") = "GenericListupg", "GenericListupg\GenericListupg.csproj", "{DEF0D628-CDBF-4E02-9529-428A8FBBA449}"
EndProject
Global
	GlobalSection(SolutionConfigurationPlatforms) = preSolution
		Debug|Any CPU = Debug|Any CPU
		Release|Any CPU = Release|Any CPU
	EndGlobalSection
	GlobalSection(ProjectConfigurationPlatforms) = postSolution
		{DEF0D628-CDBF-4E02-9529-428A8FBBA449}.Debug|Any CPU.ActiveCfg = Debug|Any CPU
		{DEF0D628-CDBF-4E02-9529-428A8FBBA449}.Debug|Any CPU.Build.0 = Debug|Any CPU
		{DEF0D628-CDBF-4E02-9529-428A8FBBA449}.Release|Any CPU.ActiveCfg = Release|Any CPU
		{DEF0D628-CDBF-4E02-9529-428A8FBBA449}.Release|Any CPU.Build.0 = Release|Any CPU
	EndGlobalSection
	GlobalSection(SolutionProperties) = preSolution
		HideSolutionNode = FALSE
	EndGlobalSection
	GlobalSection(ExtensibilityGlobals) = postSolution
		SolutionGuid = {CDEB8023-34B6-4E3E-B5D2-9D2E52DBCD67}
	EndGlobalSection
EndGlobal
